
Microsoft Visual Studio Solution File, Format Version 12.00
# Visual Studio 15
VisualStudioVersion = 15.0.27703.2042
MinimumVisualStudioVersion = 10.0.40219.1
Project("{FAE04EC0-301F-11D3-BF4B-00C04F79EFBC}") = "TestingAppWithGitHubApp", "TestingAppWithGitHubApp\TestingAppWithGitHubApp\TestingAppWithGitHubApp.csproj", "{90881372-0566-4AB2-AA44-2DD4D6B26A73}"
EndProject
Project("{FAE04EC0-301F-11D3-BF4B-00C04F79EFBC}") = "TestingAppWithGitHubApp.Android", "TestingAppWithGitHubApp\TestingAppWithGitHubApp.Android\TestingAppWithGitHubApp.Android.csproj", "{FF9BA670-A8E1-49FC-A368-F85B9AC6FC92}"
EndProject
Project("{FAE04EC0-301F-11D3-BF4B-00C04F79EFBC}") = "TestingAppWithGitHubApp.iOS", "TestingAppWithGitHubApp\TestingAppWithGitHubApp.iOS\TestingAppWithGitHubApp.iOS.csproj", "{1EE65383-9D89-47E1-8A7D-24FF35A7B54D}"
EndProject
Global
	GlobalSection(SolutionConfigurationPlatforms) = preSolution
		Ad-Hoc|Any CPU = Ad-Hoc|Any CPU
		Ad-Hoc|iPhone = Ad-Hoc|iPhone
		Ad-Hoc|iPhoneSimulator = Ad-Hoc|iPhoneSimulator
		AppStore|Any CPU = AppStore|Any CPU
		AppStore|iPhone = AppStore|iPhone
		AppStore|iPhoneSimulator = AppStore|iPhoneSimulator
		Debug|Any CPU = Debug|Any CPU
		Debug|iPhone = Debug|iPhone
		Debug|iPhoneSimulator = Debug|iPhoneSimulator
		Release|Any CPU = Release|Any CPU
		Release|iPhone = Release|iPhone
		Release|iPhoneSimulator = Release|iPhoneSimulator
	EndGlobalSection
	GlobalSection(ProjectConfigurationPlatforms) = postSolution
		{90881372-0566-4AB2-AA44-2DD4D6B26A73}.Ad-Hoc|Any CPU.ActiveCfg = Debug|Any CPU
		{90881372-0566-4AB2-AA44-2DD4D6B26A73}.Ad-Hoc|Any CPU.Build.0 = Debug|Any CPU
		{90881372-0566-4AB2-AA44-2DD4D6B26A73}.Ad-Hoc|iPhone.ActiveCfg = Debug|Any CPU
		{90881372-0566-4AB2-AA44-2DD4D6B26A73}.Ad-Hoc|iPhone.Build.0 = Debug|Any CPU
		{90881372-0566-4AB2-AA44-2DD4D6B26A73}.Ad-Hoc|iPhoneSimulator.ActiveCfg = Debug|Any CPU
		{90881372-0566-4AB2-AA44-2DD4D6B26A73}.Ad-Hoc|iPhoneSimulator.Build.0 = Debug|Any CPU
		{90881372-0566-4AB2-AA44-2DD4D6B26A73}.AppStore|Any CPU.ActiveCfg = Debug|Any CPU
		{90881372-0566-4AB2-AA44-2DD4D6B26A73}.AppStore|Any CPU.Build.0 = Debug|Any CPU
		{90881372-0566-4AB2-AA44-2DD4D6B26A73}.AppStore|iPhone.ActiveCfg = Debug|Any CPU
		{90881372-0566-4AB2-AA44-2DD4D6B26A73}.AppStore|iPhone.Build.0 = Debug|Any CPU
		{90881372-0566-4AB2-AA44-2DD4D6B26A73}.AppStore|iPhoneSimulator.ActiveCfg = Debug|Any CPU
		{90881372-0566-4AB2-AA44-2DD4D6B26A73}.AppStore|iPhoneSimulator.Build.0 = Debug|Any CPU
		{90881372-0566-4AB2-AA44-2DD4D6B26A73}.Debug|Any CPU.ActiveCfg = Debug|Any CPU
		{90881372-0566-4AB2-AA44-2DD4D6B26A73}.Debug|Any CPU.Build.0 = Debug|Any CPU
		{90881372-0566-4AB2-AA44-2DD4D6B26A73}.Debug|iPhone.ActiveCfg = Debug|Any CPU
		{90881372-0566-4AB2-AA44-2DD4D6B26A73}.Debug|iPhone.Build.0 = Debug|Any CPU
		{90881372-0566-4AB2-AA44-2DD4D6B26A73}.Debug|iPhoneSimulator.ActiveCfg = Debug|Any CPU
		{90881372-0566-4AB2-AA44-2DD4D6B26A73}.Debug|iPhoneSimulator.Build.0 = Debug|Any CPU
		{90881372-0566-4AB2-AA44-2DD4D6B26A73}.Release|Any CPU.ActiveCfg = Release|Any CPU
		{90881372-0566-4AB2-AA44-2DD4D6B26A73}.Release|Any CPU.Build.0 = Release|Any CPU
		{90881372-0566-4AB2-AA44-2DD4D6B26A73}.Release|iPhone.ActiveCfg = Release|Any CPU
		{90881372-0566-4AB2-AA44-2DD4D6B26A73}.Release|iPhone.Build.0 = Release|Any CPU
		{90881372-0566-4AB2-AA44-2DD4D6B26A73}.Release|iPhoneSimulator.ActiveCfg = Release|Any CPU
		{90881372-0566-4AB2-AA44-2DD4D6B26A73}.Release|iPhoneSimulator.Build.0 = Release|Any CPU
		{FF9BA670-A8E1-49FC-A368-F85B9AC6FC92}.Ad-Hoc|Any CPU.ActiveCfg = Release|Any CPU
		{FF9BA670-A8E1-49FC-A368-F85B9AC6FC92}.Ad-Hoc|Any CPU.Build.0 = Release|Any CPU
		{FF9BA670-A8E1-49FC-A368-F85B9AC6FC92}.Ad-Hoc|Any CPU.Deploy.0 = Release|Any CPU
		{FF9BA670-A8E1-49FC-A368-F85B9AC6FC92}.Ad-Hoc|iPhone.ActiveCfg = Release|Any CPU
		{FF9BA670-A8E1-49FC-A368-F85B9AC6FC92}.Ad-Hoc|iPhone.Build.0 = Release|Any CPU
		{FF9BA670-A8E1-49FC-A368-F85B9AC6FC92}.Ad-Hoc|iPhone.Deploy.0 = Release|Any CPU
		{FF9BA670-A8E1-49FC-A368-F85B9AC6FC92}.Ad-Hoc|iPhoneSimulator.ActiveCfg = Release|Any CPU
		{FF9BA670-A8E1-49FC-A368-F85B9AC6FC92}.Ad-Hoc|iPhoneSimulator.Build.0 = Release|Any CPU
		{FF9BA670-A8E1-49FC-A368-F85B9AC6FC92}.Ad-Hoc|iPhoneSimulator.Deploy.0 = Release|Any CPU
		{FF9BA670-A8E1-49FC-A368-F85B9AC6FC92}.AppStore|Any CPU.ActiveCfg = Release|Any CPU
		{FF9BA670-A8E1-49FC-A368-F85B9AC6FC92}.AppStore|Any CPU.Build.0 = Release|Any CPU
		{FF9BA670-A8E1-49FC-A368-F85B9AC6FC92}.AppStore|Any CPU.Deploy.0 = Release|Any CPU
		{FF9BA670-A8E1-49FC-A368-F85B9AC6FC92}.AppStore|iPhone.ActiveCfg = Release|Any CPU
		{FF9BA670-A8E1-49FC-A368-F85B9AC6FC92}.AppStore|iPhone.Build.0 = Release|Any CPU
		{FF9BA670-A8E1-49FC-A368-F85B9AC6FC92}.AppStore|iPhone.Deploy.0 = Release|Any CPU
		{FF9BA670-A8E1-49FC-A368-F85B9AC6FC92}.AppStore|iPhoneSimulator.ActiveCfg = Release|Any CPU
		{FF9BA670-A8E1-49FC-A368-F85B9AC6FC92}.AppStore|iPhoneSimulator.Build.0 = Release|Any CPU
		{FF9BA670-A8E1-49FC-A368-F85B9AC6FC92}.AppStore|iPhoneSimulator.Deploy.0 = Release|Any CPU
		{FF9BA670-A8E1-49FC-A368-F85B9AC6FC92}.Debug|Any CPU.ActiveCfg = Debug|Any CPU
		{FF9BA670-A8E1-49FC-A368-F85B9AC6FC92}.Debug|Any CPU.Build.0 = Debug|Any CPU
		{FF9BA670-A8E1-49FC-A368-F85B9AC6FC92}.Debug|Any CPU.Deploy.0 = Debug|Any CPU
		{FF9BA670-A8E1-49FC-A368-F85B9AC6FC92}.Debug|iPhone.ActiveCfg = Debug|Any CPU
		{FF9BA670-A8E1-49FC-A368-F85B9AC6FC92}.Debug|iPhone.Build.0 = Debug|Any CPU
		{FF9BA670-A8E1-49FC-A368-F85B9AC6FC92}.Debug|iPhone.Deploy.0 = Debug|Any CPU
		{FF9BA670-A8E1-49FC-A368-F85B9AC6FC92}.Debug|iPhoneSimulator.ActiveCfg = Debug|Any CPU
		{FF9BA670-A8E1-49FC-A368-F85B9AC6FC92}.Debug|iPhoneSimulator.Build.0 = Debug|Any CPU
		{FF9BA670-A8E1-49FC-A368-F85B9AC6FC92}.Debug|iPhoneSimulator.Deploy.0 = Debug|Any CPU
		{FF9BA670-A8E1-49FC-A368-F85B9AC6FC92}.Release|Any CPU.ActiveCfg = Release|Any CPU
		{FF9BA670-A8E1-49FC-A368-F85B9AC6FC92}.Release|Any CPU.Build.0 = Release|Any CPU
		{FF9BA670-A8E1-49FC-A368-F85B9AC6FC92}.Release|Any CPU.Deploy.0 = Release|Any CPU
		{FF9BA670-A8E1-49FC-A368-F85B9AC6FC92}.Release|iPhone.ActiveCfg = Release|Any CPU
		{FF9BA670-A8E1-49FC-A368-F85B9AC6FC92}.Release|iPhone.Build.0 = Release|Any CPU
		{FF9BA670-A8E1-49FC-A368-F85B9AC6FC92}.Release|iPhone.Deploy.0 = Release|Any CPU
		{FF9BA670-A8E1-49FC-A368-F85B9AC6FC92}.Release|iPhoneSimulator.ActiveCfg = Release|Any CPU
		{FF9BA670-A8E1-49FC-A368-F85B9AC6FC92}.Release|iPhoneSimulator.Build.0 = Release|Any CPU
		{FF9BA670-A8E1-49FC-A368-F85B9AC6FC92}.Release|iPhoneSimulator.Deploy.0 = Release|Any CPU
		{1EE65383-9D89-47E1-8A7D-24FF35A7B54D}.Ad-Hoc|Any CPU.ActiveCfg = Ad-Hoc|iPhone
		{1EE65383-9D89-47E1-8A7D-24FF35A7B54D}.Ad-Hoc|iPhone.ActiveCfg = Ad-Hoc|iPhone
		{1EE65383-9D89-47E1-8A7D-24FF35A7B54D}.Ad-Hoc|iPhone.Build.0 = Ad-Hoc|iPhone
		{1EE65383-9D89-47E1-8A7D-24FF35A7B54D}.Ad-Hoc|iPhoneSimulator.ActiveCfg = Ad-Hoc|iPhoneSimulator
		{1EE65383-9D89-47E1-8A7D-24FF35A7B54D}.Ad-Hoc|iPhoneSimulator.Build.0 = Ad-Hoc|iPhoneSimulator
		{1EE65383-9D89-47E1-8A7D-24FF35A7B54D}.AppStore|Any CPU.ActiveCfg = AppStore|iPhone
		{1EE65383-9D89-47E1-8A7D-24FF35A7B54D}.AppStore|iPhone.ActiveCfg = AppStore|iPhone
		{1EE65383-9D89-47E1-8A7D-24FF35A7B54D}.AppStore|iPhone.Build.0 = AppStore|iPhone
		{1EE65383-9D89-47E1-8A7D-24FF35A7B54D}.AppStore|iPhoneSimulator.ActiveCfg = AppStore|iPhoneSimulator
		{1EE65383-9D89-47E1-8A7D-24FF35A7B54D}.AppStore|iPhoneSimulator.Build.0 = AppStore|iPhoneSimulator
		{1EE65383-9D89-47E1-8A7D-24FF35A7B54D}.Debug|Any CPU.ActiveCfg = Debug|iPhone
		{1EE65383-9D89-47E1-8A7D-24FF35A7B54D}.Debug|iPhone.ActiveCfg = Debug|iPhone
		{1EE65383-9D89-47E1-8A7D-24FF35A7B54D}.Debug|iPhone.Build.0 = Debug|iPhone
		{1EE65383-9D89-47E1-8A7D-24FF35A7B54D}.Debug|iPhoneSimulator.ActiveCfg = Debug|iPhoneSimulator
		{1EE65383-9D89-47E1-8A7D-24FF35A7B54D}.Debug|iPhoneSimulator.Build.0 = Debug|iPhoneSimulator
		{1EE65383-9D89-47E1-8A7D-24FF35A7B54D}.Release|Any CPU.ActiveCfg = Release|iPhone
		{1EE65383-9D89-47E1-8A7D-24FF35A7B54D}.Release|iPhone.ActiveCfg = Release|iPhone
		{1EE65383-9D89-47E1-8A7D-24FF35A7B54D}.Release|iPhone.Build.0 = Release|iPhone
		{1EE65383-9D89-47E1-8A7D-24FF35A7B54D}.Release|iPhoneSimulator.ActiveCfg = Release|iPhoneSimulator
		{1EE65383-9D89-47E1-8A7D-24FF35A7B54D}.Release|iPhoneSimulator.Build.0 = Release|iPhoneSimulator
	EndGlobalSection
	GlobalSection(SolutionProperties) = preSolution
		HideSolutionNode = FALSE
	EndGlobalSection
	GlobalSection(ExtensibilityGlobals) = postSolution
		SolutionGuid = {0A86134B-B277-400E-90DB-E7816A04DAC7}
	EndGlobalSection
EndGlobal
